<?xml version="1.0" encoding="utf-8"?>
<Project ToolsVersion="4.0" xmlns="http://schemas.microsoft.com/developer/msbuild/2003">
  <ItemGroup>
    <Filter Include="소스 파일">
      <UniqueIdentifier>{4FC737F1-C7A5-4376-A066-2A32D752A2FF}</UniqueIdentifier>
      <Extensions>cpp;c;cc;cxx;c++;cppm;ixx;def;odl;idl;hpj;bat;asm;asmx</Extensions>
    </Filter>
    <Filter Include="헤더 파일">
      <UniqueIdentifier>{93995380-89BD-4b04-88EB-625FBE52EBFB}</UniqueIdentifier>
      <Extensions>h;hh;hpp;hxx;h++;hm;inl;inc;ipp;xsd</Extensions>
    </Filter>
    <Filter Include="리소스 파일">
      <UniqueIdentifier>{67DA6AB6-F800-4c08-8B7A-83BB121AAD01}</UniqueIdentifier>
      <Extensions>rc;ico;cur;bmp;dlg;rc2;rct;bin;rgs;gif;jpg;jpeg;jpe;resx;tiff;tif;png;wav;mfcribbon-ms</Extensions>
    </Filter>
    <Filter Include="2DGameFramework">
      <UniqueIdentifier>{ba8bdc39-9067-4828-96e3-719f61c33d30}</UniqueIdentifier>
    </Filter>
    <Filter Include="playGround">
      <UniqueIdentifier>{34b095ee-d64d-489f-b16a-13a487a2785c}</UniqueIdentifier>
    </Filter>
    <Filter Include="2DGameFramework\SingletonBase">
      <UniqueIdentifier>{cac2ab34-4d73-46ea-97f2-7d9acc367059}</UniqueIdentifier>
    </Filter>
    <Filter Include="2DGameFramework\Manager">
      <UniqueIdentifier>{2a6d731d-abd3-4944-95be-8cca4c6a010a}</UniqueIdentifier>
    </Filter>
    <Filter Include="2DGameFramework\image">
      <UniqueIdentifier>{b1bf7eed-19fc-41b5-8812-017dc3aa3896}</UniqueIdentifier>
    </Filter>
    <Filter Include="2DGameFramework\utils">
      <UniqueIdentifier>{38b0b000-a241-4986-a7ac-bd45100cda07}</UniqueIdentifier>
    </Filter>
    <Filter Include="playGround\bullets">
      <UniqueIdentifier>{01ad2979-5426-427b-aae2-cdae96d3a85f}</UniqueIdentifier>
    </Filter>
    <Filter Include="2DGameFramework\progressBar">
      <UniqueIdentifier>{b9f057d8-882b-4b92-a04b-a67d9e2170c4}</UniqueIdentifier>
    </Filter>
    <Filter Include="2DGameFramework\txtData">
      <UniqueIdentifier>{93a2e62b-e640-4955-8bea-f3477230fca7}</UniqueIdentifier>
    </Filter>
    <Filter Include="2DGameFramework\timer">
      <UniqueIdentifier>{0e16c126-51df-40da-8408-1868e05c734e}</UniqueIdentifier>
    </Filter>
    <Filter Include="2DGameFramework\animation">
      <UniqueIdentifier>{fb282897-0ee8-4aa2-97b7-4d5ac8dfbfd2}</UniqueIdentifier>
    </Filter>
    <Filter Include="2DGameFramework\effect">
      <UniqueIdentifier>{107425da-d258-4b46-bbed-bc80d6d5c5c9}</UniqueIdentifier>
    </Filter>
    <Filter Include="2DGameFramework\action">
      <UniqueIdentifier>{81de8821-7ec3-46c4-8061-18c9a68e47b1}</UniqueIdentifier>
    </Filter>
    <Filter Include="2DGameFramework\button">
      <UniqueIdentifier>{7cafbb26-69f9-42f6-adf0-8c0bcab2139a}</UniqueIdentifier>
    </Filter>
    <Filter Include="playGround\Enemy">
      <UniqueIdentifier>{e6ab6f58-b312-43f5-9fc4-70e2ed3b65a1}</UniqueIdentifier>
    </Filter>
    <Filter Include="playGround\Enemy\EnemyStates">
      <UniqueIdentifier>{48b0fd63-5ef9-4e99-842c-57cd6628fa56}</UniqueIdentifier>
    </Filter>
    <Filter Include="playGround\Enemy\EnemyManager">
      <UniqueIdentifier>{cf8eec2b-b032-4144-909f-cd93b18726a4}</UniqueIdentifier>
    </Filter>
    <Filter Include="playGround\Enemy\Enemies">
      <UniqueIdentifier>{81cbc158-2c9f-4a09-8d17-029e5470ae07}</UniqueIdentifier>
    </Filter>
    <Filter Include="playGround\Enemy\Enemies\LUKE">
      <UniqueIdentifier>{faae66c6-3964-4231-9b79-01a7b1b7e3dc}</UniqueIdentifier>
    </Filter>
    <Filter Include="playGround\Enemy\Enemies\MIKE">
      <UniqueIdentifier>{a303a3a2-0c91-4624-b729-76532cc3a3ae}</UniqueIdentifier>
    </Filter>
    <Filter Include="playGround\Enemy\Enemies\MALCOLM">
      <UniqueIdentifier>{69b28a3d-7ba6-4c6e-8f8c-ff8419e67b6e}</UniqueIdentifier>
    </Filter>
  </ItemGroup>
  <ItemGroup>
    <ClInclude Include="targetver.h">
      <Filter>헤더 파일</Filter>
    </ClInclude>
    <ClInclude Include="Resource.h">
      <Filter>헤더 파일</Filter>
    </ClInclude>
    <ClInclude Include="pch.h">
      <Filter>헤더 파일</Filter>
    </ClInclude>
    <ClInclude Include="commonMacroFunction.h">
      <Filter>헤더 파일</Filter>
    </ClInclude>
    <ClInclude Include="gameNode.h">
      <Filter>2DGameFramework</Filter>
    </ClInclude>
    <ClInclude Include="playGround.h">
      <Filter>playGround</Filter>
    </ClInclude>
    <ClInclude Include="singletonBase.h">
      <Filter>2DGameFramework\SingletonBase</Filter>
    </ClInclude>
    <ClInclude Include="randomFunction.h">
      <Filter>헤더 파일</Filter>
    </ClInclude>
    <ClInclude Include="keyManager.h">
      <Filter>2DGameFramework\Manager</Filter>
    </ClInclude>
    <ClInclude Include="image.h">
      <Filter>2DGameFramework\image</Filter>
    </ClInclude>
    <ClInclude Include="utils.h">
      <Filter>2DGameFramework\utils</Filter>
    </ClInclude>
    <ClInclude Include="imageManager.h">
      <Filter>2DGameFramework\Manager</Filter>
    </ClInclude>
    <ClInclude Include="bullets.h">
      <Filter>playGround\bullets</Filter>
    </ClInclude>
    <ClInclude Include="progressBar.h">
      <Filter>2DGameFramework\progressBar</Filter>
    </ClInclude>
    <ClInclude Include="txtData.h">
      <Filter>2DGameFramework\txtData</Filter>
    </ClInclude>
    <ClInclude Include="timer.h">
      <Filter>2DGameFramework\timer</Filter>
    </ClInclude>
    <ClInclude Include="timeManager.h">
      <Filter>2DGameFramework\Manager</Filter>
    </ClInclude>
    <ClInclude Include="animation.h">
      <Filter>2DGameFramework\animation</Filter>
    </ClInclude>
    <ClInclude Include="effect.h">
      <Filter>2DGameFramework\effect</Filter>
    </ClInclude>
    <ClInclude Include="effectManager.h">
      <Filter>2DGameFramework\Manager</Filter>
    </ClInclude>
    <ClInclude Include="sceneManager.h">
      <Filter>2DGameFramework\Manager</Filter>
    </ClInclude>
    <ClInclude Include="soundManager.h">
      <Filter>2DGameFramework\Manager</Filter>
    </ClInclude>
    <ClInclude Include="action.h">
      <Filter>2DGameFramework\action</Filter>
    </ClInclude>
    <ClInclude Include="button.h">
      <Filter>2DGameFramework\button</Filter>
    </ClInclude>
    <ClInclude Include="keyAniManager.h">
      <Filter>2DGameFramework\Manager</Filter>
    </ClInclude>
    <ClInclude Include="iniDataManager.h">
      <Filter>2DGameFramework\Manager</Filter>
    </ClInclude>
    <ClInclude Include="CameraManager.h">
      <Filter>2DGameFramework\Manager</Filter>
    </ClInclude>
    <ClInclude Include="Enemy.h">
      <Filter>playGround\Enemy\Enemies</Filter>
    </ClInclude>
    <ClInclude Include="EnemyManager.h">
      <Filter>playGround\Enemy\EnemyManager</Filter>
    </ClInclude>
    <ClInclude Include="Luke.h">
      <Filter>playGround\Enemy\Enemies\LUKE</Filter>
    </ClInclude>
    <ClInclude Include="EnemyState.h">
      <Filter>playGround\Enemy\EnemyStates</Filter>
    </ClInclude>
    <ClInclude Include="EnemyIdle.h">
      <Filter>playGround\Enemy\EnemyStates</Filter>
    </ClInclude>
    <ClInclude Include="Mike.h">
      <Filter>playGround\Enemy\Enemies\MIKE</Filter>
    </ClInclude>
    <ClInclude Include="Malcolm.h">
      <Filter>playGround\Enemy\Enemies\MALCOLM</Filter>
    </ClInclude>
  </ItemGroup>
  <ItemGroup>
    <ClCompile Include="WindowsAPI.cpp">
      <Filter>소스 파일</Filter>
    </ClCompile>
    <ClCompile Include="pch.cpp">
      <Filter>소스 파일</Filter>
    </ClCompile>
    <ClCompile Include="gameNode.cpp">
      <Filter>2DGameFramework</Filter>
    </ClCompile>
    <ClCompile Include="playGround.cpp">
      <Filter>playGround</Filter>
    </ClCompile>
    <ClCompile Include="keyManager.cpp">
      <Filter>2DGameFramework\Manager</Filter>
    </ClCompile>
    <ClCompile Include="image.cpp">
      <Filter>2DGameFramework\image</Filter>
    </ClCompile>
    <ClCompile Include="utils.cpp">
      <Filter>2DGameFramework\utils</Filter>
    </ClCompile>
    <ClCompile Include="imageManager.cpp">
      <Filter>2DGameFramework\Manager</Filter>
    </ClCompile>
    <ClCompile Include="bullets.cpp">
      <Filter>playGround\bullets</Filter>
    </ClCompile>
    <ClCompile Include="progressBar.cpp">
      <Filter>2DGameFramework\progressBar</Filter>
    </ClCompile>
    <ClCompile Include="txtData.cpp">
      <Filter>2DGameFramework\txtData</Filter>
    </ClCompile>
    <ClCompile Include="timer.cpp">
      <Filter>2DGameFramework\timer</Filter>
    </ClCompile>
    <ClCompile Include="timeManager.cpp">
      <Filter>2DGameFramework\Manager</Filter>
    </ClCompile>
    <ClCompile Include="animation.cpp">
      <Filter>2DGameFramework\animation</Filter>
    </ClCompile>
    <ClCompile Include="effect.cpp">
      <Filter>2DGameFramework\effect</Filter>
    </ClCompile>
    <ClCompile Include="effectManager.cpp">
      <Filter>2DGameFramework\Manager</Filter>
    </ClCompile>
    <ClCompile Include="sceneManager.cpp">
      <Filter>2DGameFramework\Manager</Filter>
    </ClCompile>
    <ClCompile Include="soundManager.cpp">
      <Filter>2DGameFramework\Manager</Filter>
    </ClCompile>
    <ClCompile Include="action.cpp">
      <Filter>2DGameFramework\action</Filter>
    </ClCompile>
    <ClCompile Include="button.cpp">
      <Filter>2DGameFramework\button</Filter>
    </ClCompile>
    <ClCompile Include="keyAniManager.cpp">
      <Filter>2DGameFramework\Manager</Filter>
    </ClCompile>
    <ClCompile Include="iniDataManager.cpp">
      <Filter>2DGameFramework\Manager</Filter>
    </ClCompile>
    <ClCompile Include="CameraManager.cpp">
      <Filter>2DGameFramework\Manager</Filter>
    </ClCompile>
    <ClCompile Include="Enemy.cpp">
      <Filter>playGround\Enemy\Enemies</Filter>
    </ClCompile>
    <ClCompile Include="EnemyManager.cpp">
      <Filter>playGround\Enemy\EnemyManager</Filter>
    </ClCompile>
    <ClCompile Include="Luke.cpp">
      <Filter>playGround\Enemy\Enemies\LUKE</Filter>
    </ClCompile>
    <ClCompile Include="EnemyState.cpp">
      <Filter>playGround\Enemy\EnemyStates</Filter>
    </ClCompile>
    <ClCompile Include="EnemyIdle.cpp">
      <Filter>playGround\Enemy\EnemyStates</Filter>
    </ClCompile>
    <ClCompile Include="Mike.cpp">
      <Filter>playGround\Enemy\Enemies\MIKE</Filter>
    </ClCompile>
    <ClCompile Include="Malcolm.cpp">
      <Filter>playGround\Enemy\Enemies\MALCOLM</Filter>
    </ClCompile>
  </ItemGroup>
  <ItemGroup>
    <ResourceCompile Include="WindowsAPI.rc">
      <Filter>리소스 파일</Filter>
    </ResourceCompile>
  </ItemGroup>
  <ItemGroup>
    <Image Include="small.ico">
      <Filter>리소스 파일</Filter>
    </Image>
    <Image Include="WindowsAPI.ico">
      <Filter>리소스 파일</Filter>
    </Image>
  </ItemGroup>
</Project>